// !$*UTF8*$!
{
	archiveVersion = 1;
	classes = {
	};
	objectVersion = 46;
	objects = {

/* Begin PBXBuildFile section */
		23999A8A1DAD4ED7005C8A17 /* AppDelegate.swift in Sources */ = {isa = PBXBuildFile; fileRef = 23999A891DAD4ED7005C8A17 /* AppDelegate.swift */; };
		23999A8C1DAD4ED7005C8A17 /* MasterViewController.swift in Sources */ = {isa = PBXBuildFile; fileRef = 23999A8B1DAD4ED7005C8A17 /* MasterViewController.swift */; };
		23999A8E1DAD4ED7005C8A17 /* DetailViewController.swift in Sources */ = {isa = PBXBuildFile; fileRef = 23999A8D1DAD4ED7005C8A17 /* DetailViewController.swift */; };
		23999A911DAD4ED7005C8A17 /* Main.storyboard in Resources */ = {isa = PBXBuildFile; fileRef = 23999A8F1DAD4ED7005C8A17 /* Main.storyboard */; };
		23999A931DAD4ED7005C8A17 /* Assets.xcassets in Resources */ = {isa = PBXBuildFile; fileRef = 23999A921DAD4ED7005C8A17 /* Assets.xcassets */; };
		23999A961DAD4ED7005C8A17 /* LaunchScreen.storyboard in Resources */ = {isa = PBXBuildFile; fileRef = 23999A941DAD4ED7005C8A17 /* LaunchScreen.storyboard */; };
		23999A9E1DAD4F51005C8A17 /* Book.swift in Sources */ = {isa = PBXBuildFile; fileRef = 23999A9D1DAD4F51005C8A17 /* Book.swift */; };
		23999AA21DAD533B005C8A17 /* BookCell.swift in Sources */ = {isa = PBXBuildFile; fileRef = 23999AA11DAD533B005C8A17 /* BookCell.swift */; };
/* End PBXBuildFile section */

/* Begin PBXFileReference section */
		23999A861DAD4ED7005C8A17 /* Coding Challenge.app */ = {isa = PBXFileReference; explicitFileType = wrapper.application; includeInIndex = 0; path = "Coding Challenge.app"; sourceTree = BUILT_PRODUCTS_DIR; };
		23999A891DAD4ED7005C8A17 /* AppDelegate.swift */ = {isa = PBXFileReference; lastKnownFileType = sourcecode.swift; path = AppDelegate.swift; sourceTree = "<group>"; };
		23999A8B1DAD4ED7005C8A17 /* MasterViewController.swift */ = {isa = PBXFileReference; lastKnownFileType = sourcecode.swift; path = MasterViewController.swift; sourceTree = "<group>"; };
		23999A8D1DAD4ED7005C8A17 /* DetailViewController.swift */ = {isa = PBXFileReference; lastKnownFileType = sourcecode.swift; path = DetailViewController.swift; sourceTree = "<group>"; };
		23999A901DAD4ED7005C8A17 /* Base */ = {isa = PBXFileReference; lastKnownFileType = file.storyboard; name = Base; path = Base.lproj/Main.storyboard; sourceTree = "<group>"; };
		23999A921DAD4ED7005C8A17 /* Assets.xcassets */ = {isa = PBXFileReference; lastKnownFileType = folder.assetcatalog; path = Assets.xcassets; sourceTree = "<group>"; };
		23999A951DAD4ED7005C8A17 /* Base */ = {isa = PBXFileReference; lastKnownFileType = file.storyboard; name = Base; path = Base.lproj/LaunchScreen.storyboard; sourceTree = "<group>"; };
		23999A971DAD4ED7005C8A17 /* Info.plist */ = {isa = PBXFileReference; lastKnownFileType = text.plist.xml; path = Info.plist; sourceTree = "<group>"; };
		23999A9D1DAD4F51005C8A17 /* Book.swift */ = {isa = PBXFileReference; fileEncoding = 4; lastKnownFileType = sourcecode.swift; path = Book.swift; sourceTree = "<group>"; };
		23999AA11DAD533B005C8A17 /* BookCell.swift */ = {isa = PBXFileReference; fileEncoding = 4; lastKnownFileType = sourcecode.swift; path = BookCell.swift; sourceTree = "<group>"; };
/* End PBXFileReference section */

/* Begin PBXFrameworksBuildPhase section */
		23999A831DAD4ED7005C8A17 /* Frameworks */ = {
			isa = PBXFrameworksBuildPhase;
			buildActionMask = 2147483647;
			files = (
			);
			runOnlyForDeploymentPostprocessing = 0;
		};
/* End PBXFrameworksBuildPhase section */

/* Begin PBXGroup section */
		23999A7D1DAD4ED7005C8A17 = {
			isa = PBXGroup;
			children = (
				23999A881DAD4ED7005C8A17 /* Coding Challenge */,
				23999A871DAD4ED7005C8A17 /* Products */,
			);
			sourceTree = "<group>";
		};
		23999A871DAD4ED7005C8A17 /* Products */ = {
			isa = PBXGroup;
			children = (
				23999A861DAD4ED7005C8A17 /* Coding Challenge.app */,
			);
			name = Products;
			sourceTree = "<group>";
		};
		23999A881DAD4ED7005C8A17 /* Coding Challenge */ = {
			isa = PBXGroup;
			children = (
				23999A891DAD4ED7005C8A17 /* AppDelegate.swift */,
				23999A9F1DAD5221005C8A17 /* Models */,
				23999AA31DAD5340005C8A17 /* Views */,
				23999AA01DAD522D005C8A17 /* Controllers */,
				23999A8F1DAD4ED7005C8A17 /* Main.storyboard */,
				23999A921DAD4ED7005C8A17 /* Assets.xcassets */,
				23999A941DAD4ED7005C8A17 /* LaunchScreen.storyboard */,
				23999A971DAD4ED7005C8A17 /* Info.plist */,
			);
			path = "Coding Challenge";
			sourceTree = "<group>";
		};
		23999A9F1DAD5221005C8A17 /* Models */ = {
			isa = PBXGroup;
			children = (
				23999A9D1DAD4F51005C8A17 /* Book.swift */,
			);
			name = Models;
			path = ..;
			sourceTree = "<group>";
		};
		23999AA01DAD522D005C8A17 /* Controllers */ = {
			isa = PBXGroup;
			children = (
				23999A8B1DAD4ED7005C8A17 /* MasterViewController.swift */,
				23999A8D1DAD4ED7005C8A17 /* DetailViewController.swift */,
			);
			name = Controllers;
			sourceTree = "<group>";
		};
		23999AA31DAD5340005C8A17 /* Views */ = {
			isa = PBXGroup;
			children = (
				23999AA11DAD533B005C8A17 /* BookCell.swift */,
			);
			name = Views;
			path = ..;
			sourceTree = "<group>";
		};
/* End PBXGroup section */

/* Begin PBXNativeTarget section */
		23999A851DAD4ED7005C8A17 /* Coding Challenge */ = {
			isa = PBXNativeTarget;
			buildConfigurationList = 23999A9A1DAD4ED7005C8A17 /* Build configuration list for PBXNativeTarget "Coding Challenge" */;
			buildPhases = (
				23999A821DAD4ED7005C8A17 /* Sources */,
				23999A831DAD4ED7005C8A17 /* Frameworks */,
				23999A841DAD4ED7005C8A17 /* Resources */,
			);
			buildRules = (
			);
			dependencies = (
			);
			name = "Coding Challenge";
			productName = "Coding Challenge";
			productReference = 23999A861DAD4ED7005C8A17 /* Coding Challenge.app */;
			productType = "com.apple.product-type.application";
		};
/* End PBXNativeTarget section */

/* Begin PBXProject section */
		23999A7E1DAD4ED7005C8A17 /* Project object */ = {
			isa = PBXProject;
			attributes = {
				LastSwiftUpdateCheck = 0730;
				LastUpgradeCheck = 0730;
				ORGANIZATIONNAME = morsetech.net;
				TargetAttributes = {
					23999A851DAD4ED7005C8A17 = {
						CreatedOnToolsVersion = 7.3.1;
					};
				};
			};
			buildConfigurationList = 23999A811DAD4ED7005C8A17 /* Build configuration list for PBXProject "Coding Challenge" */;
			compatibilityVersion = "Xcode 3.2";
			developmentRegion = English;
			hasScannedForEncodings = 0;
			knownRegions = (
				en,
				Base,
			);
			mainGroup = 23999A7D1DAD4ED7005C8A17;
			productRefGroup = 23999A871DAD4ED7005C8A17 /* Products */;
			projectDirPath = "";
			projectRoot = "";
			targets = (
				23999A851DAD4ED7005C8A17 /* Coding Challenge */,
			);
		};
/* End PBXProject section */

/* Begin PBXResourcesBuildPhase section */
		23999A841DAD4ED7005C8A17 /* Resources */ = {
			isa = PBXResourcesBuildPhase;
			buildActionMask = 2147483647;
			files = (
				23999A961DAD4ED7005C8A17 /* LaunchScreen.storyboard in Resources */,
				23999A931DAD4ED7005C8A17 /* Assets.xcassets in Resources */,
				23999A911DAD4ED7005C8A17 /* Main.storyboard in Resources */,
			);
			runOnlyForDeploymentPostprocessing = 0;
		};
/* End PBXResourcesBuildPhase section */

/* Begin PBXSourcesBuildPhase section */
		23999A821DAD4ED7005C8A17 /* Sources */ = {
			isa = PBXSourcesBuildPhase;
			buildActionMask = 2147483647;
			files = (
				23999A9E1DAD4F51005C8A17 /* Book.swift in Sources */,
				23999A8E1DAD4ED7005C8A17 /* DetailViewController.swift in Sources */,
				23999A8C1DAD4ED7005C8A17 /* MasterViewController.swift in Sources */,
				23999A8A1DAD4ED7005C8A17 /* AppDelegate.swift in Sources */,
				23999AA21DAD533B005C8A17 /* BookCell.swift in Sources */,
			);
			runOnlyForDeploymentPostprocessing = 0;
		};
/* End PBXSourcesBuildPhase section */

/* Begin PBXVariantGroup section */
		23999A8F1DAD4ED7005C8A17 /* Main.storyboard */ = {
			isa = PBXVariantGroup;
			children = (
				23999A901DAD4ED7005C8A17 /* Base */,
			);
			name = Main.storyboard;
			sourceTree = "<group>";
		};
		23999A941DAD4ED7005C8A17 /* LaunchScreen.storyboard */ = {
			isa = PBXVariantGroup;
			children = (
				23999A951DAD4ED7005C8A17 /* Base */,
			);
			name = LaunchScreen.storyboard;
			sourceTree = "<group>";
		};
/* End PBXVariantGroup section */

/* Begin XCBuildConfiguration section */
		23999A981DAD4ED7005C8A17 /* Debug */ = {
			isa = XCBuildConfiguration;
			buildSettings = {
				ALWAYS_SEARCH_USER_PATHS = NO;
				CLANG_ANALYZER_NONNULL = YES;
				CLANG_CXX_LANGUAGE_STANDARD = "gnu++0x";
				CLANG_CXX_LIBRARY = "libc++";
				CLANG_ENABLE_MODULES = YES;
				CLANG_ENABLE_OBJC_ARC = YES;
				CLANG_WARN_BOOL_CONVERSION = YES;
				CLANG_WARN_CONSTANT_CONVERSION = YES;
				CLANG_WARN_DIRECT_OBJC_ISA_USAGE = YES_ERROR;
				CLANG_WARN_EMPTY_BODY = YES;
				CLANG_WARN_ENUM_CONVERSION = YES;
				CLANG_WARN_INT_CONVERSION = YES;
				CLANG_WARN_OBJC_ROOT_CLASS = YES_ERROR;
				CLANG_WARN_UNREACHABLE_CODE = YES;
				CLANG_WARN__DUPLICATE_METHOD_MATCH = YES;
				"CODE_SIGN_IDENTITY[sdk=iphoneos*]" = "iPhone Developer";
				COPY_PHASE_STRIP = NO;
				DEBUG_INFORMATION_FORMAT = dwarf;
				ENABLE_STRICT_OBJC_MSGSEND = YES;
				ENABLE_TESTABILITY = YES;
				GCC_C_LANGUAGE_STANDARD = gnu99;
				GCC_DYNAMIC_NO_PIC = NO;
				GCC_NO_COMMON_BLOCKS = YES;
				GCC_OPTIMIZATION_LEVEL = 0;
				GCC_PREPROCESSOR_DEFINITIONS = (
					"DEBUG=1",
					"$(inherited)",
				);
				GCC_WARN_64_TO_32_BIT_CONVERSION = YES;
				GCC_WARN_ABOUT_RETURN_TYPE = YES_ERROR;
				GCC_WARN_UNDECLARED_SELECTOR = YES;
				GCC_WARN_UNINITIALIZED_AUTOS = YES_AGGRESSIVE;
				GCC_WARN_UNUSED_FUNCTION = YES;
				GCC_WARN_UNUSED_VARIABLE = YES;
				IPHONEOS_DEPLOYMENT_TARGET = 9.3;
				MTL_ENABLE_DEBUG_INFO = YES;
				ONLY_ACTIVE_ARCH = YES;
				SDKROOT = iphoneos;
				SWIFT_OPTIMIZATION_LEVEL = "-Onone";
				TARGETED_DEVICE_FAMILY = "1,2";
			};
			name = Debug;
		};
		23999A991DAD4ED7005C8A17 /* Release */ = {
			isa = XCBuildConfiguration;
			buildSettings = {
				ALWAYS_SEARCH_USER_PATHS = NO;
				CLANG_ANALYZER_NONNULL = YES;
				CLANG_CXX_LANGUAGE_STANDARD = "gnu++0x";
				CLANG_CXX_LIBRARY = "libc++";
				CLANG_ENABLE_MODULES = YES;
				CLANG_ENABLE_OBJC_ARC = YES;
				CLANG_WARN_BOOL_CONVERSION = YES;
				CLANG_WARN_CONSTANT_CONVERSION = YES;
				CLANG_WARN_DIRECT_OBJC_ISA_USAGE = YES_ERROR;
				CLANG_WARN_EMPTY_BODY = YES;
				CLANG_WARN_ENUM_CONVERSION = YES;
				CLANG_WARN_INT_CONVERSION = YES;
				CLANG_WARN_OBJC_ROOT_CLASS = YES_ERROR;
				CLANG_WARN_UNREACHABLE_CODE = YES;
				CLANG_WARN__DUPLICATE_METHOD_MATCH = YES;
				"CODE_SIGN_IDENTITY[sdk=iphoneos*]" = "iPhone Developer";
				COPY_PHASE_STRIP = NO;
				DEBUG_INFORMATION_FORMAT = "dwarf-with-dsym";
				ENABLE_NS_ASSERTIONS = NO;
				ENABLE_STRICT_OBJC_MSGSEND = YES;
				GCC_C_LANGUAGE_STANDARD = gnu99;
				GCC_NO_COMMON_BLOCKS = YES;
				GCC_WARN_64_TO_32_BIT_CONVERSION = YES;
				GCC_WARN_ABOUT_RETURN_TYPE = YES_ERROR;
				GCC_WARN_UNDECLARED_SELECTOR = YES;
				GCC_WARN_UNINITIALIZED_AUTOS = YES_AGGRESSIVE;
				GCC_WARN_UNUSED_FUNCTION = YES;
				GCC_WARN_UNUSED_VARIABLE = YES;
				IPHONEOS_DEPLOYMENT_TARGET = 9.3;
				MTL_ENABLE_DEBUG_INFO = NO;
				SDKROOT = iphoneos;
				TARGETED_DEVICE_FAMILY = "1,2";
				VALIDATE_PRODUCT = YES;
			};
			name = Release;
		};
		23999A9B1DAD4ED7005C8A17 /* Debug */ = {
			isa = XCBuildConfiguration;
			buildSettings = {
				ASSETCATALOG_COMPILER_APPICON_NAME = AppIcon;
				INFOPLIST_FILE = "Coding Challenge/Info.plist";
				LD_RUNPATH_SEARCH_PATHS = "$(inherited) @executable_path/Frameworks";
				PRODUCT_BUNDLE_IDENTIFIER = "morsetech.net.Coding-Challenge";
				PRODUCT_NAME = "$(TARGET_NAME)";
			};
			name = Debug;
		};
		23999A9C1DAD4ED7005C8A17 /* Release */ = {
			isa = XCBuildConfiguration;
			buildSettings = {
				ASSETCATALOG_COMPILER_APPICON_NAME = AppIcon;
				INFOPLIST_FILE = "Coding Challenge/Info.plist";
				LD_RUNPATH_SEARCH_PATHS = "$(inherited) @executable_path/Frameworks";
				PRODUCT_BUNDLE_IDENTIFIER = "morsetech.net.Coding-Challenge";
				PRODUCT_NAME = "$(TARGET_NAME)";
			};
			name = Release;
		};
/* End XCBuildConfiguration section */

/* Begin XCConfigurationList section */
		23999A811DAD4ED7005C8A17 /* Build configuration list for PBXProject "Coding Challenge" */ = {
			isa = XCConfigurationList;
			buildConfigurations = (
				23999A981DAD4ED7005C8A17 /* Debug */,
				23999A991DAD4ED7005C8A17 /* Release */,
			);
			defaultConfigurationIsVisible = 0;
			defaultConfigurationName = Release;
		};
		23999A9A1DAD4ED7005C8A17 /* Build configuration list for PBXNativeTarget "Coding Challenge" */ = {
			isa = XCConfigurationList;
			buildConfigurations = (
				23999A9B1DAD4ED7005C8A17 /* Debug */,
				23999A9C1DAD4ED7005C8A17 /* Release */,
			);
			defaultConfigurationIsVisible = 0;
		};
/* End XCConfigurationList section */
	};
	rootObject = 23999A7E1DAD4ED7005C8A17 /* Project object */;
}
